
Microsoft Visual Studio Solution File, Format Version 12.00
# Visual Studio Version 16
VisualStudioVersion = 16.0.30907.101
MinimumVisualStudioVersion = 10.0.40219.1
Project("{FAE04EC0-301F-11D3-BF4B-00C04F79EFBC}") = "modul2_dz6", "modul2_dz6\modul2_dz6.csproj", "{9593DE75-E242-4B44-94F3-39E776FDDC43}"
EndProject
Global
	GlobalSection(SolutionConfigurationPlatforms) = preSolution
		Debug|Any CPU = Debug|Any CPU
		Release|Any CPU = Release|Any CPU
	EndGlobalSection
	GlobalSection(ProjectConfigurationPlatforms) = postSolution
		{9593DE75-E242-4B44-94F3-39E776FDDC43}.Debug|Any CPU.ActiveCfg = Debug|Any CPU
		{9593DE75-E242-4B44-94F3-39E776FDDC43}.Debug|Any CPU.Build.0 = Debug|Any CPU
		{9593DE75-E242-4B44-94F3-39E776FDDC43}.Release|Any CPU.ActiveCfg = Release|Any CPU
		{9593DE75-E242-4B44-94F3-39E776FDDC43}.Release|Any CPU.Build.0 = Release|Any CPU
	EndGlobalSection
	GlobalSection(SolutionProperties) = preSolution
		HideSolutionNode = FALSE
	EndGlobalSection
	GlobalSection(ExtensibilityGlobals) = postSolution
		SolutionGuid = {52FEA9BD-A067-4356-A539-BAED48BFE834}
	EndGlobalSection
EndGlobal
